
Microsoft Visual Studio Solution File, Format Version 12.00
# Visual Studio Version 16
VisualStudioVersion = 16.0.29926.136
MinimumVisualStudioVersion = 10.0.40219.1
Project("{FAE04EC0-301F-11D3-BF4B-00C04F79EFBC}") = "WebJobChollos", "WebJobChollos\WebJobChollos.csproj", "{95FA590D-6F4A-4D59-A8CB-7B1F146789BA}"
EndProject
Project("{FAE04EC0-301F-11D3-BF4B-00C04F79EFBC}") = "MvcChollos", "MvcChollos\MvcChollos.csproj", "{F55561D1-5877-4BBB-B4AF-D2443D05665F}"
EndProject
Global
	GlobalSection(SolutionConfigurationPlatforms) = preSolution
		Debug|Any CPU = Debug|Any CPU
		Release|Any CPU = Release|Any CPU
	EndGlobalSection
	GlobalSection(ProjectConfigurationPlatforms) = postSolution
		{95FA590D-6F4A-4D59-A8CB-7B1F146789BA}.Debug|Any CPU.ActiveCfg = Debug|Any CPU
		{95FA590D-6F4A-4D59-A8CB-7B1F146789BA}.Debug|Any CPU.Build.0 = Debug|Any CPU
		{95FA590D-6F4A-4D59-A8CB-7B1F146789BA}.Release|Any CPU.ActiveCfg = Release|Any CPU
		{95FA590D-6F4A-4D59-A8CB-7B1F146789BA}.Release|Any CPU.Build.0 = Release|Any CPU
		{F55561D1-5877-4BBB-B4AF-D2443D05665F}.Debug|Any CPU.ActiveCfg = Debug|Any CPU
		{F55561D1-5877-4BBB-B4AF-D2443D05665F}.Debug|Any CPU.Build.0 = Debug|Any CPU
		{F55561D1-5877-4BBB-B4AF-D2443D05665F}.Release|Any CPU.ActiveCfg = Release|Any CPU
		{F55561D1-5877-4BBB-B4AF-D2443D05665F}.Release|Any CPU.Build.0 = Release|Any CPU
	EndGlobalSection
	GlobalSection(SolutionProperties) = preSolution
		HideSolutionNode = FALSE
	EndGlobalSection
	GlobalSection(ExtensibilityGlobals) = postSolution
		SolutionGuid = {82DE86FD-AAEE-4167-8DB5-8A8D23E78C8B}
	EndGlobalSection
EndGlobal
